
Microsoft Visual Studio Solution File, Format Version 12.00
# Visual Studio Version 17
VisualStudioVersion = 17.13.35828.75 d17.13
MinimumVisualStudioVersion = 10.0.40219.1
Project("{8BC9CEB8-8B4A-11D0-8D11-00A0C91BC942}") = "WarmingUp", "WarmingUp.vcxproj", "{5EB9D288-080E-436F-8094-E6298CF4D148}"
EndProject
Global
	GlobalSection(SolutionConfigurationPlatforms) = preSolution
		Debug|x64 = Debug|x64
		Debug|x86 = Debug|x86
		Release|x64 = Release|x64
		Release|x86 = Release|x86
	EndGlobalSection
	GlobalSection(ProjectConfigurationPlatforms) = postSolution
		{5EB9D288-080E-436F-8094-E6298CF4D148}.Debug|x64.ActiveCfg = Debug|x64
		{5EB9D288-080E-436F-8094-E6298CF4D148}.Debug|x64.Build.0 = Debug|x64
		{5EB9D288-080E-436F-8094-E6298CF4D148}.Debug|x86.ActiveCfg = Debug|Win32
		{5EB9D288-080E-436F-8094-E6298CF4D148}.Debug|x86.Build.0 = Debug|Win32
		{5EB9D288-080E-436F-8094-E6298CF4D148}.Release|x64.ActiveCfg = Release|x64
		{5EB9D288-080E-436F-8094-E6298CF4D148}.Release|x64.Build.0 = Release|x64
		{5EB9D288-080E-436F-8094-E6298CF4D148}.Release|x86.ActiveCfg = Release|Win32
		{5EB9D288-080E-436F-8094-E6298CF4D148}.Release|x86.Build.0 = Release|Win32
	EndGlobalSection
	GlobalSection(SolutionProperties) = preSolution
		HideSolutionNode = FALSE
	EndGlobalSection
	GlobalSection(ExtensibilityGlobals) = postSolution
		SolutionGuid = {FE2C4B0D-0E33-4300-A9F5-19D13B07746F}
	EndGlobalSection
EndGlobal
